
Microsoft Visual Studio Solution File, Format Version 12.00
# Visual Studio Version 17
VisualStudioVersion = 17.9.34723.18
MinimumVisualStudioVersion = 10.0.40219.1
Project("{FAE04EC0-301F-11D3-BF4B-00C04F79EFBC}") = "MonitorManagerCS-GUI", "MonitorManagerCS-GUI\MonitorManagerCS-GUI.csproj", "{90E8AA4B-D73A-4372-A8B6-676EE3A3F6E8}"
EndProject
Global
	GlobalSection(SolutionConfigurationPlatforms) = preSolution
		Debug|Any CPU = Debug|Any CPU
		Release|Any CPU = Release|Any CPU
	EndGlobalSection
	GlobalSection(ProjectConfigurationPlatforms) = postSolution
		{90E8AA4B-D73A-4372-A8B6-676EE3A3F6E8}.Debug|Any CPU.ActiveCfg = Debug|Any CPU
		{90E8AA4B-D73A-4372-A8B6-676EE3A3F6E8}.Debug|Any CPU.Build.0 = Debug|Any CPU
		{90E8AA4B-D73A-4372-A8B6-676EE3A3F6E8}.Release|Any CPU.ActiveCfg = Release|Any CPU
		{90E8AA4B-D73A-4372-A8B6-676EE3A3F6E8}.Release|Any CPU.Build.0 = Release|Any CPU
	EndGlobalSection
	GlobalSection(SolutionProperties) = preSolution
		HideSolutionNode = FALSE
	EndGlobalSection
	GlobalSection(ExtensibilityGlobals) = postSolution
		SolutionGuid = {2D734BE4-7A36-4FA9-88FB-A78A168C6264}
	EndGlobalSection
EndGlobal
